<<<<<<< HEAD
﻿
Microsoft Visual Studio Solution File, Format Version 12.00
# Visual Studio Version 17
VisualStudioVersion = 17.7.34024.191
MinimumVisualStudioVersion = 10.0.40219.1
Project("{FAE04EC0-301F-11D3-BF4B-00C04F79EFBC}") = "AdoDotNet", "AdoDotNet.csproj", "{7E775863-1DC9-4133-9AA6-9460AAB91E7A}"
EndProject
Global
	GlobalSection(SolutionConfigurationPlatforms) = preSolution
		Debug|Any CPU = Debug|Any CPU
		Release|Any CPU = Release|Any CPU
	EndGlobalSection
	GlobalSection(ProjectConfigurationPlatforms) = postSolution
		{7E775863-1DC9-4133-9AA6-9460AAB91E7A}.Debug|Any CPU.ActiveCfg = Debug|Any CPU
		{7E775863-1DC9-4133-9AA6-9460AAB91E7A}.Debug|Any CPU.Build.0 = Debug|Any CPU
		{7E775863-1DC9-4133-9AA6-9460AAB91E7A}.Release|Any CPU.ActiveCfg = Release|Any CPU
		{7E775863-1DC9-4133-9AA6-9460AAB91E7A}.Release|Any CPU.Build.0 = Release|Any CPU
	EndGlobalSection
	GlobalSection(SolutionProperties) = preSolution
		HideSolutionNode = FALSE
	EndGlobalSection
	GlobalSection(ExtensibilityGlobals) = postSolution
		SolutionGuid = {B62DE52D-0881-4262-BE95-3F5C3A771C1A}
	EndGlobalSection
EndGlobal
=======
﻿
Microsoft Visual Studio Solution File, Format Version 12.00
# Visual Studio Version 17
VisualStudioVersion = 17.7.34024.191
MinimumVisualStudioVersion = 10.0.40219.1
Project("{FAE04EC0-301F-11D3-BF4B-00C04F79EFBC}") = "AdoDotNet", "AdoDotNet.csproj", "{7E775863-1DC9-4133-9AA6-9460AAB91E7A}"
EndProject
Global
	GlobalSection(SolutionConfigurationPlatforms) = preSolution
		Debug|Any CPU = Debug|Any CPU
		Release|Any CPU = Release|Any CPU
	EndGlobalSection
	GlobalSection(ProjectConfigurationPlatforms) = postSolution
		{7E775863-1DC9-4133-9AA6-9460AAB91E7A}.Debug|Any CPU.ActiveCfg = Debug|Any CPU
		{7E775863-1DC9-4133-9AA6-9460AAB91E7A}.Debug|Any CPU.Build.0 = Debug|Any CPU
		{7E775863-1DC9-4133-9AA6-9460AAB91E7A}.Release|Any CPU.ActiveCfg = Release|Any CPU
		{7E775863-1DC9-4133-9AA6-9460AAB91E7A}.Release|Any CPU.Build.0 = Release|Any CPU
	EndGlobalSection
	GlobalSection(SolutionProperties) = preSolution
		HideSolutionNode = FALSE
	EndGlobalSection
	GlobalSection(ExtensibilityGlobals) = postSolution
		SolutionGuid = {B62DE52D-0881-4262-BE95-3F5C3A771C1A}
	EndGlobalSection
EndGlobal
>>>>>>> 8533598bdde4e849629f3dd01e0d14ebb9178421
