
Microsoft Visual Studio Solution File, Format Version 12.00
# Visual Studio Version 17
VisualStudioVersion = 17.7.34024.191
MinimumVisualStudioVersion = 10.0.40219.1
Project("{FAE04EC0-301F-11D3-BF4B-00C04F79EFBC}") = "Classwork3", "Classwork3.csproj", "{1E5579FB-29C6-400A-AE65-320FBB5C9036}"
EndProject
Global
	GlobalSection(SolutionConfigurationPlatforms) = preSolution
		Debug|Any CPU = Debug|Any CPU
		Release|Any CPU = Release|Any CPU
	EndGlobalSection
	GlobalSection(ProjectConfigurationPlatforms) = postSolution
		{1E5579FB-29C6-400A-AE65-320FBB5C9036}.Debug|Any CPU.ActiveCfg = Debug|Any CPU
		{1E5579FB-29C6-400A-AE65-320FBB5C9036}.Debug|Any CPU.Build.0 = Debug|Any CPU
		{1E5579FB-29C6-400A-AE65-320FBB5C9036}.Release|Any CPU.ActiveCfg = Release|Any CPU
		{1E5579FB-29C6-400A-AE65-320FBB5C9036}.Release|Any CPU.Build.0 = Release|Any CPU
	EndGlobalSection
	GlobalSection(SolutionProperties) = preSolution
		HideSolutionNode = FALSE
	EndGlobalSection
	GlobalSection(ExtensibilityGlobals) = postSolution
		SolutionGuid = {65139373-0262-45DF-834B-BF008F0617D5}
	EndGlobalSection
EndGlobal
