
Microsoft Visual Studio Solution File, Format Version 12.00
# Visual Studio Version 17
VisualStudioVersion = 17.7.34024.191
MinimumVisualStudioVersion = 10.0.40219.1
Project("{FAE04EC0-301F-11D3-BF4B-00C04F79EFBC}") = "Task_1", "Task_1.csproj", "{C3AACD46-D8BE-4FDB-85F6-337C6DEA032E}"
EndProject
Global
	GlobalSection(SolutionConfigurationPlatforms) = preSolution
		Debug|Any CPU = Debug|Any CPU
		Release|Any CPU = Release|Any CPU
	EndGlobalSection
	GlobalSection(ProjectConfigurationPlatforms) = postSolution
		{C3AACD46-D8BE-4FDB-85F6-337C6DEA032E}.Debug|Any CPU.ActiveCfg = Debug|Any CPU
		{C3AACD46-D8BE-4FDB-85F6-337C6DEA032E}.Debug|Any CPU.Build.0 = Debug|Any CPU
		{C3AACD46-D8BE-4FDB-85F6-337C6DEA032E}.Release|Any CPU.ActiveCfg = Release|Any CPU
		{C3AACD46-D8BE-4FDB-85F6-337C6DEA032E}.Release|Any CPU.Build.0 = Release|Any CPU
	EndGlobalSection
	GlobalSection(SolutionProperties) = preSolution
		HideSolutionNode = FALSE
	EndGlobalSection
	GlobalSection(ExtensibilityGlobals) = postSolution
		SolutionGuid = {C8ED24C9-9F43-48B8-A05F-6FD3E4FA5276}
	EndGlobalSection
EndGlobal
