
Microsoft Visual Studio Solution File, Format Version 12.00
# Visual Studio Version 17
VisualStudioVersion = 17.7.34024.191
MinimumVisualStudioVersion = 10.0.40219.1
Project("{FAE04EC0-301F-11D3-BF4B-00C04F79EFBC}") = "CurdEntityMVC", "CurdEntityMVC.csproj", "{949BDBF2-5F02-49E8-9E98-FB6E2C677220}"
EndProject
Global
	GlobalSection(SolutionConfigurationPlatforms) = preSolution
		Debug|Any CPU = Debug|Any CPU
		Release|Any CPU = Release|Any CPU
	EndGlobalSection
	GlobalSection(ProjectConfigurationPlatforms) = postSolution
		{949BDBF2-5F02-49E8-9E98-FB6E2C677220}.Debug|Any CPU.ActiveCfg = Debug|Any CPU
		{949BDBF2-5F02-49E8-9E98-FB6E2C677220}.Debug|Any CPU.Build.0 = Debug|Any CPU
		{949BDBF2-5F02-49E8-9E98-FB6E2C677220}.Release|Any CPU.ActiveCfg = Release|Any CPU
		{949BDBF2-5F02-49E8-9E98-FB6E2C677220}.Release|Any CPU.Build.0 = Release|Any CPU
	EndGlobalSection
	GlobalSection(SolutionProperties) = preSolution
		HideSolutionNode = FALSE
	EndGlobalSection
	GlobalSection(ExtensibilityGlobals) = postSolution
		SolutionGuid = {5E9D2895-05BA-49D5-A667-92098D5ADEDB}
	EndGlobalSection
EndGlobal
