
Microsoft Visual Studio Solution File, Format Version 12.00
# Visual Studio Version 17
VisualStudioVersion = 17.7.34024.191
MinimumVisualStudioVersion = 10.0.40219.1
Project("{FAE04EC0-301F-11D3-BF4B-00C04F79EFBC}") = "Disconnected_Layer", "Disconnected_Layer.csproj", "{9EADE2B5-764B-47C6-B5CE-6C32FED2F56D}"
EndProject
Global
	GlobalSection(SolutionConfigurationPlatforms) = preSolution
		Debug|Any CPU = Debug|Any CPU
		Release|Any CPU = Release|Any CPU
	EndGlobalSection
	GlobalSection(ProjectConfigurationPlatforms) = postSolution
		{9EADE2B5-764B-47C6-B5CE-6C32FED2F56D}.Debug|Any CPU.ActiveCfg = Debug|Any CPU
		{9EADE2B5-764B-47C6-B5CE-6C32FED2F56D}.Debug|Any CPU.Build.0 = Debug|Any CPU
		{9EADE2B5-764B-47C6-B5CE-6C32FED2F56D}.Release|Any CPU.ActiveCfg = Release|Any CPU
		{9EADE2B5-764B-47C6-B5CE-6C32FED2F56D}.Release|Any CPU.Build.0 = Release|Any CPU
	EndGlobalSection
	GlobalSection(SolutionProperties) = preSolution
		HideSolutionNode = FALSE
	EndGlobalSection
	GlobalSection(ExtensibilityGlobals) = postSolution
		SolutionGuid = {172E5104-0DA8-4339-A68E-CD9A29632A7F}
	EndGlobalSection
EndGlobal
